
Microsoft Visual Studio Solution File, Format Version 12.00
# Visual Studio Version 16
VisualStudioVersion = 16.0.30011.22
MinimumVisualStudioVersion = 10.0.40219.1
Project("{FAE04EC0-301F-11D3-BF4B-00C04F79EFBC}") = "AbstractFactory", "AbstractFactory\AbstractFactory.csproj", "{AB0A535E-6379-4960-A3C2-A917C6B2581E}"
EndProject
Global
	GlobalSection(SolutionConfigurationPlatforms) = preSolution
		Debug|Any CPU = Debug|Any CPU
		Release|Any CPU = Release|Any CPU
	EndGlobalSection
	GlobalSection(ProjectConfigurationPlatforms) = postSolution
		{AB0A535E-6379-4960-A3C2-A917C6B2581E}.Debug|Any CPU.ActiveCfg = Debug|Any CPU
		{AB0A535E-6379-4960-A3C2-A917C6B2581E}.Debug|Any CPU.Build.0 = Debug|Any CPU
		{AB0A535E-6379-4960-A3C2-A917C6B2581E}.Release|Any CPU.ActiveCfg = Release|Any CPU
		{AB0A535E-6379-4960-A3C2-A917C6B2581E}.Release|Any CPU.Build.0 = Release|Any CPU
	EndGlobalSection
	GlobalSection(SolutionProperties) = preSolution
		HideSolutionNode = FALSE
	EndGlobalSection
	GlobalSection(ExtensibilityGlobals) = postSolution
		SolutionGuid = {7DB62D46-0491-4D35-9EB3-D0DCB34F8E4D}
	EndGlobalSection
EndGlobal
